Microsoft Visual Studio Solution File, Format Version 11.00
# Visual Studio 2008

Project("{E6661E84-CF13-DBCA-E22F-9C529E58C52C}") = "CoLab", "Assembly-CSharp.csproj", "{C05CCD92-28DF-530E-B2EA-2AD638EC95B2}"
EndProject
Project("{E6661E84-CF13-DBCA-E22F-9C529E58C52C}") = "CoLab", "Assembly-UnityScript.unityproj", "{6607B0E8-2E6D-8BC6-F516-6DF3B1979545}"
EndProject
Global
	GlobalSection(SolutionConfigurationPlatforms) = preSolution
		Debug|Any CPU = Debug|Any CPU
		Release|Any CPU = Release|Any CPU
	EndGlobalSection
	GlobalSection(ProjectConfigurationPlatforms) = postSolution
		{C05CCD92-28DF-530E-B2EA-2AD638EC95B2}.Debug|Any CPU.ActiveCfg = Debug|Any CPU
		{C05CCD92-28DF-530E-B2EA-2AD638EC95B2}.Debug|Any CPU.Build.0 = Debug|Any CPU
		{C05CCD92-28DF-530E-B2EA-2AD638EC95B2}.Release|Any CPU.ActiveCfg = Release|Any CPU
		{C05CCD92-28DF-530E-B2EA-2AD638EC95B2}.Release|Any CPU.Build.0 = Release|Any CPU
		{6607B0E8-2E6D-8BC6-F516-6DF3B1979545}.Debug|Any CPU.ActiveCfg = Debug|Any CPU
		{6607B0E8-2E6D-8BC6-F516-6DF3B1979545}.Debug|Any CPU.Build.0 = Debug|Any CPU
		{6607B0E8-2E6D-8BC6-F516-6DF3B1979545}.Release|Any CPU.ActiveCfg = Release|Any CPU
		{6607B0E8-2E6D-8BC6-F516-6DF3B1979545}.Release|Any CPU.Build.0 = Release|Any CPU
	EndGlobalSection
	GlobalSection(SolutionProperties) = preSolution
		HideSolutionNode = FALSE
	EndGlobalSection
																											GlobalSection(MonoDevelopProperties) = preSolution
		StartupItem = Assembly-CSharp.csproj
		Policies = $0
		$0.TextStylePolicy = $1
		$1.inheritsSet = null
		$1.scope = text/x-csharp
		$0.CSharpFormattingPolicy = $2
		$2.inheritsSet = Mono
		$2.inheritsScope = text/x-csharp
		$2.scope = text/x-csharp
		$0.TextStylePolicy = $3
		$3.FileWidth = 120
		$3.TabWidth = 4
		$3.EolMarker = Unix
		$3.inheritsSet = Mono
		$3.inheritsScope = text/plain
		$3.scope = text/plain
	EndGlobalSection

EndGlobal
